// !$*UTF8*$!
{
	archiveVersion = 1;
	classes = {
	};
	objectVersion = 46;
	objects = {

/* Begin PBXBuildFile section */
		784588991C3B1D2D00FB615A /* Size.swift in Sources */ = {isa = PBXBuildFile; fileRef = 784588981C3B1D2D00FB615A /* Size.swift */; };
		78E163E61B405B3A008A7CEC /* SwiftGtk.framework in Frameworks */ = {isa = PBXBuildFile; fileRef = 78E163DB1B405B3A008A7CEC /* SwiftGtk.framework */; };
		78E163FC1B405BB3008A7CEC /* main.swift in Sources */ = {isa = PBXBuildFile; fileRef = 78E163FB1B405BB3008A7CEC /* main.swift */; };
		78E1640C1B405C3E008A7CEC /* libgailutil-3.0.dylib in Frameworks */ = {isa = PBXBuildFile; fileRef = 78E164001B405C3E008A7CEC /* libgailutil-3.0.dylib */; };
		78E1640D1B405C3E008A7CEC /* libgdk-3.0.dylib in Frameworks */ = {isa = PBXBuildFile; fileRef = 78E164011B405C3E008A7CEC /* libgdk-3.0.dylib */; };
		78E1640E1B405C3E008A7CEC /* libgtk-3.0.dylib in Frameworks */ = {isa = PBXBuildFile; fileRef = 78E164021B405C3E008A7CEC /* libgtk-3.0.dylib */; };
		78E1640F1B405C3E008A7CEC /* libpango-1.0.0.dylib in Frameworks */ = {isa = PBXBuildFile; fileRef = 78E164031B405C3E008A7CEC /* libpango-1.0.0.dylib */; };
		78E164101B405C3E008A7CEC /* libpixman-1.0.dylib in Frameworks */ = {isa = PBXBuildFile; fileRef = 78E164041B405C3E008A7CEC /* libpixman-1.0.dylib */; };
		78E164111B405C3E008A7CEC /* libatk-1.0.0.dylib in Frameworks */ = {isa = PBXBuildFile; fileRef = 78E164051B405C3E008A7CEC /* libatk-1.0.0.dylib */; };
		78E164121B405C3E008A7CEC /* libgdk_pixbuf-2.0.0.dylib in Frameworks */ = {isa = PBXBuildFile; fileRef = 78E164061B405C3E008A7CEC /* libgdk_pixbuf-2.0.0.dylib */; };
		78E164131B405C3E008A7CEC /* libgio-2.0.0.dylib in Frameworks */ = {isa = PBXBuildFile; fileRef = 78E164071B405C3E008A7CEC /* libgio-2.0.0.dylib */; };
		78E164141B405C3E008A7CEC /* libglib-2.0.0.dylib in Frameworks */ = {isa = PBXBuildFile; fileRef = 78E164081B405C3E008A7CEC /* libglib-2.0.0.dylib */; };
		78E164151B405C3E008A7CEC /* libgmodule-2.0.0.dylib in Frameworks */ = {isa = PBXBuildFile; fileRef = 78E164091B405C3E008A7CEC /* libgmodule-2.0.0.dylib */; };
		78E164161B405C3E008A7CEC /* libgobject-2.0.0.dylib in Frameworks */ = {isa = PBXBuildFile; fileRef = 78E1640A1B405C3E008A7CEC /* libgobject-2.0.0.dylib */; };
		78E164171B405C3E008A7CEC /* libgthread-2.0.0.dylib in Frameworks */ = {isa = PBXBuildFile; fileRef = 78E1640B1B405C3E008A7CEC /* libgthread-2.0.0.dylib */; };
		78E164281B405CF6008A7CEC /* Application.swift in Sources */ = {isa = PBXBuildFile; fileRef = 78E1641C1B405CF6008A7CEC /* Application.swift */; };
		78E164291B405CF6008A7CEC /* ApplicationWindow.swift in Sources */ = {isa = PBXBuildFile; fileRef = 78E1641D1B405CF6008A7CEC /* ApplicationWindow.swift */; };
		78E1642A1B405CF6008A7CEC /* Bin.swift in Sources */ = {isa = PBXBuildFile; fileRef = 78E1641E1B405CF6008A7CEC /* Bin.swift */; };
		78E1642B1B405CF6008A7CEC /* Box.swift in Sources */ = {isa = PBXBuildFile; fileRef = 78E1641F1B405CF6008A7CEC /* Box.swift */; };
		78E1642C1B405CF6008A7CEC /* Button.swift in Sources */ = {isa = PBXBuildFile; fileRef = 78E164201B405CF6008A7CEC /* Button.swift */; };
		78E1642D1B405CF6008A7CEC /* ButtonBox.swift in Sources */ = {isa = PBXBuildFile; fileRef = 78E164211B405CF6008A7CEC /* ButtonBox.swift */; };
		78E1642E1B405CF6008A7CEC /* Container.swift in Sources */ = {isa = PBXBuildFile; fileRef = 78E164221B405CF6008A7CEC /* Container.swift */; };
		78E164311B405CF6008A7CEC /* Signals.swift in Sources */ = {isa = PBXBuildFile; fileRef = 78E164251B405CF6008A7CEC /* Signals.swift */; };
		78E164321B405CF6008A7CEC /* Widget.swift in Sources */ = {isa = PBXBuildFile; fileRef = 78E164261B405CF6008A7CEC /* Widget.swift */; };
		78E164331B405CF6008A7CEC /* Window.swift in Sources */ = {isa = PBXBuildFile; fileRef = 78E164271B405CF6008A7CEC /* Window.swift */; };
		78E164441B407AD1008A7CEC /* SwiftGtk.framework in Frameworks */ = {isa = PBXBuildFile; fileRef = 78E163DB1B405B3A008A7CEC /* SwiftGtk.framework */; };
		78E1644B1B409078008A7CEC /* Label.swift in Sources */ = {isa = PBXBuildFile; fileRef = 78E1644A1B409078008A7CEC /* Label.swift */; };
/* End PBXBuildFile section */

/* Begin PBXContainerItemProxy section */
		78E163E71B405B3A008A7CEC /* PBXContainerItemProxy */ = {
			isa = PBXContainerItemProxy;
			containerPortal = 78E163D21B405B3A008A7CEC /* Project object */;
			proxyType = 1;
			remoteGlobalIDString = 78E163DA1B405B3A008A7CEC;
			remoteInfo = SwiftGtk;
		};
		78E164421B407ACE008A7CEC /* PBXContainerItemProxy */ = {
			isa = PBXContainerItemProxy;
			containerPortal = 78E163D21B405B3A008A7CEC /* Project object */;
			proxyType = 1;
			remoteGlobalIDString = 78E163DA1B405B3A008A7CEC;
			remoteInfo = SwiftGtk;
		};
/* End PBXContainerItemProxy section */

/* Begin PBXCopyFilesBuildPhase section */
		78E163F71B405BB3008A7CEC /* CopyFiles */ = {
			isa = PBXCopyFilesBuildPhase;
			buildActionMask = 2147483647;
			dstPath = /usr/share/man/man1/;
			dstSubfolderSpec = 0;
			files = (
			);
			runOnlyForDeploymentPostprocessing = 1;
		};
/* End PBXCopyFilesBuildPhase section */

/* Begin PBXFileReference section */
		784588981C3B1D2D00FB615A /* Size.swift */ = {isa = PBXFileReference; fileEncoding = 4; lastKnownFileType = sourcecode.swift; path = Size.swift; sourceTree = "<group>"; };
		78E163DB1B405B3A008A7CEC /* SwiftGtk.framework */ = {isa = PBXFileReference; explicitFileType = wrapper.framework; includeInIndex = 0; path = SwiftGtk.framework; sourceTree = BUILT_PRODUCTS_DIR; };
		78E163E01B405B3A008A7CEC /* Info.plist */ = {isa = PBXFileReference; lastKnownFileType = text.plist.xml; path = Info.plist; sourceTree = "<group>"; };
		78E163E51B405B3A008A7CEC /* SwiftGtkTests.xctest */ = {isa = PBXFileReference; explicitFileType = wrapper.cfbundle; includeInIndex = 0; path = SwiftGtkTests.xctest; sourceTree = BUILT_PRODUCTS_DIR; };
		78E163EC1B405B3A008A7CEC /* Info.plist */ = {isa = PBXFileReference; lastKnownFileType = text.plist.xml; path = Info.plist; sourceTree = "<group>"; };
		78E163F91B405BB3008A7CEC /* SwiftGtkDemo */ = {isa = PBXFileReference; explicitFileType = "compiled.mach-o.executable"; includeInIndex = 0; path = SwiftGtkDemo; sourceTree = BUILT_PRODUCTS_DIR; };
		78E163FB1B405BB3008A7CEC /* main.swift */ = {isa = PBXFileReference; lastKnownFileType = sourcecode.swift; path = main.swift; sourceTree = "<group>"; };
		78E164001B405C3E008A7CEC /* libgailutil-3.0.dylib */ = {isa = PBXFileReference; lastKnownFileType = "compiled.mach-o.dylib"; name = "libgailutil-3.0.dylib"; path = "/usr/local/Cellar/gtk+3/3.16.2/lib/libgailutil-3.0.dylib"; sourceTree = "<absolute>"; };
		78E164011B405C3E008A7CEC /* libgdk-3.0.dylib */ = {isa = PBXFileReference; lastKnownFileType = "compiled.mach-o.dylib"; name = "libgdk-3.0.dylib"; path = "/usr/local/Cellar/gtk+3/3.16.2/lib/libgdk-3.0.dylib"; sourceTree = "<absolute>"; };
		78E164021B405C3E008A7CEC /* libgtk-3.0.dylib */ = {isa = PBXFileReference; lastKnownFileType = "compiled.mach-o.dylib"; name = "libgtk-3.0.dylib"; path = "/usr/local/Cellar/gtk+3/3.16.2/lib/libgtk-3.0.dylib"; sourceTree = "<absolute>"; };
		78E164031B405C3E008A7CEC /* libpango-1.0.0.dylib */ = {isa = PBXFileReference; lastKnownFileType = "compiled.mach-o.dylib"; name = "libpango-1.0.0.dylib"; path = "/usr/local/Cellar/pango/1.36.8/lib/libpango-1.0.0.dylib"; sourceTree = "<absolute>"; };
		78E164041B405C3E008A7CEC /* libpixman-1.0.dylib */ = {isa = PBXFileReference; lastKnownFileType = "compiled.mach-o.dylib"; name = "libpixman-1.0.dylib"; path = "/usr/local/Cellar/pixman/0.32.6/lib/libpixman-1.0.dylib"; sourceTree = "<absolute>"; };
		78E164051B405C3E008A7CEC /* libatk-1.0.0.dylib */ = {isa = PBXFileReference; lastKnownFileType = "compiled.mach-o.dylib"; name = "libatk-1.0.0.dylib"; path = "/usr/local/Cellar/atk/2.16.0/lib/libatk-1.0.0.dylib"; sourceTree = "<absolute>"; };
		78E164061B405C3E008A7CEC /* libgdk_pixbuf-2.0.0.dylib */ = {isa = PBXFileReference; lastKnownFileType = "compiled.mach-o.dylib"; name = "libgdk_pixbuf-2.0.0.dylib"; path = "/usr/local/Cellar/gdk-pixbuf/2.30.8/lib/libgdk_pixbuf-2.0.0.dylib"; sourceTree = "<absolute>"; };
		78E164071B405C3E008A7CEC /* libgio-2.0.0.dylib */ = {isa = PBXFileReference; lastKnownFileType = "compiled.mach-o.dylib"; name = "libgio-2.0.0.dylib"; path = "/usr/local/Cellar/glib/2.44.0/lib/libgio-2.0.0.dylib"; sourceTree = "<absolute>"; };
		78E164081B405C3E008A7CEC /* libglib-2.0.0.dylib */ = {isa = PBXFileReference; lastKnownFileType = "compiled.mach-o.dylib"; name = "libglib-2.0.0.dylib"; path = "/usr/local/Cellar/glib/2.44.0/lib/libglib-2.0.0.dylib"; sourceTree = "<absolute>"; };
		78E164091B405C3E008A7CEC /* libgmodule-2.0.0.dylib */ = {isa = PBXFileReference; lastKnownFileType = "compiled.mach-o.dylib"; name = "libgmodule-2.0.0.dylib"; path = "/usr/local/Cellar/glib/2.44.0/lib/libgmodule-2.0.0.dylib"; sourceTree = "<absolute>"; };
		78E1640A1B405C3E008A7CEC /* libgobject-2.0.0.dylib */ = {isa = PBXFileReference; lastKnownFileType = "compiled.mach-o.dylib"; name = "libgobject-2.0.0.dylib"; path = "/usr/local/Cellar/glib/2.44.0/lib/libgobject-2.0.0.dylib"; sourceTree = "<absolute>"; };
		78E1640B1B405C3E008A7CEC /* libgthread-2.0.0.dylib */ = {isa = PBXFileReference; lastKnownFileType = "compiled.mach-o.dylib"; name = "libgthread-2.0.0.dylib"; path = "/usr/local/Cellar/glib/2.44.0/lib/libgthread-2.0.0.dylib"; sourceTree = "<absolute>"; };
		78E1641C1B405CF6008A7CEC /* Application.swift */ = {isa = PBXFileReference; fileEncoding = 4; lastKnownFileType = sourcecode.swift; path = Application.swift; sourceTree = "<group>"; };
		78E1641D1B405CF6008A7CEC /* ApplicationWindow.swift */ = {isa = PBXFileReference; fileEncoding = 4; lastKnownFileType = sourcecode.swift; path = ApplicationWindow.swift; sourceTree = "<group>"; };
		78E1641E1B405CF6008A7CEC /* Bin.swift */ = {isa = PBXFileReference; fileEncoding = 4; lastKnownFileType = sourcecode.swift; path = Bin.swift; sourceTree = "<group>"; };
		78E1641F1B405CF6008A7CEC /* Box.swift */ = {isa = PBXFileReference; fileEncoding = 4; lastKnownFileType = sourcecode.swift; path = Box.swift; sourceTree = "<group>"; };
		78E164201B405CF6008A7CEC /* Button.swift */ = {isa = PBXFileReference; fileEncoding = 4; lastKnownFileType = sourcecode.swift; path = Button.swift; sourceTree = "<group>"; };
		78E164211B405CF6008A7CEC /* ButtonBox.swift */ = {isa = PBXFileReference; fileEncoding = 4; lastKnownFileType = sourcecode.swift; path = ButtonBox.swift; sourceTree = "<group>"; };
		78E164221B405CF6008A7CEC /* Container.swift */ = {isa = PBXFileReference; fileEncoding = 4; lastKnownFileType = sourcecode.swift; path = Container.swift; sourceTree = "<group>"; };
		78E164251B405CF6008A7CEC /* Signals.swift */ = {isa = PBXFileReference; fileEncoding = 4; lastKnownFileType = sourcecode.swift; path = Signals.swift; sourceTree = "<group>"; };
		78E164261B405CF6008A7CEC /* Widget.swift */ = {isa = PBXFileReference; fileEncoding = 4; lastKnownFileType = sourcecode.swift; path = Widget.swift; sourceTree = "<group>"; };
		78E164271B405CF6008A7CEC /* Window.swift */ = {isa = PBXFileReference; fileEncoding = 4; lastKnownFileType = sourcecode.swift; path = Window.swift; sourceTree = "<group>"; };
		78E1643E1B4066CE008A7CEC /* module.modulemap */ = {isa = PBXFileReference; lastKnownFileType = "sourcecode.module-map"; path = module.modulemap; sourceTree = "<group>"; };
		78E164491B40876F008A7CEC /* module.private.modulemap */ = {isa = PBXFileReference; fileEncoding = 4; lastKnownFileType = "sourcecode.module-map"; path = module.private.modulemap; sourceTree = "<group>"; };
		78E1644A1B409078008A7CEC /* Label.swift */ = {isa = PBXFileReference; fileEncoding = 4; lastKnownFileType = sourcecode.swift; path = Label.swift; sourceTree = "<group>"; };
/* End PBXFileReference section */

/* Begin PBXFrameworksBuildPhase section */
		78E163D71B405B3A008A7CEC /* Frameworks */ = {
			isa = PBXFrameworksBuildPhase;
			buildActionMask = 2147483647;
			files = (
				78E1640C1B405C3E008A7CEC /* libgailutil-3.0.dylib in Frameworks */,
				78E1640D1B405C3E008A7CEC /* libgdk-3.0.dylib in Frameworks */,
				78E1640E1B405C3E008A7CEC /* libgtk-3.0.dylib in Frameworks */,
				78E1640F1B405C3E008A7CEC /* libpango-1.0.0.dylib in Frameworks */,
				78E164101B405C3E008A7CEC /* libpixman-1.0.dylib in Frameworks */,
				78E164111B405C3E008A7CEC /* libatk-1.0.0.dylib in Frameworks */,
				78E164121B405C3E008A7CEC /* libgdk_pixbuf-2.0.0.dylib in Frameworks */,
				78E164131B405C3E008A7CEC /* libgio-2.0.0.dylib in Frameworks */,
				78E164141B405C3E008A7CEC /* libglib-2.0.0.dylib in Frameworks */,
				78E164151B405C3E008A7CEC /* libgmodule-2.0.0.dylib in Frameworks */,
				78E164161B405C3E008A7CEC /* libgobject-2.0.0.dylib in Frameworks */,
				78E164171B405C3E008A7CEC /* libgthread-2.0.0.dylib in Frameworks */,
			);
			runOnlyForDeploymentPostprocessing = 0;
		};
		78E163E21B405B3A008A7CEC /* Frameworks */ = {
			isa = PBXFrameworksBuildPhase;
			buildActionMask = 2147483647;
			files = (
				78E163E61B405B3A008A7CEC /* SwiftGtk.framework in Frameworks */,
			);
			runOnlyForDeploymentPostprocessing = 0;
		};
		78E163F61B405BB3008A7CEC /* Frameworks */ = {
			isa = PBXFrameworksBuildPhase;
			buildActionMask = 2147483647;
			files = (
				78E164441B407AD1008A7CEC /* SwiftGtk.framework in Frameworks */,
			);
			runOnlyForDeploymentPostprocessing = 0;
		};
/* End PBXFrameworksBuildPhase section */

/* Begin PBXGroup section */
		78E163D11B405B3A008A7CEC = {
			isa = PBXGroup;
			children = (
				78E163DD1B405B3A008A7CEC /* SwiftGtk */,
				78E163E91B405B3A008A7CEC /* SwiftGtkTests */,
				78E163FA1B405BB3008A7CEC /* SwiftGtkDemo */,
				78E163DC1B405B3A008A7CEC /* Products */,
			);
			sourceTree = "<group>";
		};
		78E163DC1B405B3A008A7CEC /* Products */ = {
			isa = PBXGroup;
			children = (
				78E163DB1B405B3A008A7CEC /* SwiftGtk.framework */,
				78E163E51B405B3A008A7CEC /* SwiftGtkTests.xctest */,
				78E163F91B405BB3008A7CEC /* SwiftGtkDemo */,
			);
			name = Products;
			sourceTree = "<group>";
		};
		78E163DD1B405B3A008A7CEC /* SwiftGtk */ = {
			isa = PBXGroup;
			children = (
				78E164451B407BBB008A7CEC /* Widgets */,
				78E164251B405CF6008A7CEC /* Signals.swift */,
				784588981C3B1D2D00FB615A /* Size.swift */,
				78E164181B405C44008A7CEC /* Libraries */,
				78E163E01B405B3A008A7CEC /* Info.plist */,
				78E1643E1B4066CE008A7CEC /* module.modulemap */,
				78E164491B40876F008A7CEC /* module.private.modulemap */,
			);
			path = SwiftGtk;
			sourceTree = "<group>";
		};
		78E163E91B405B3A008A7CEC /* SwiftGtkTests */ = {
			isa = PBXGroup;
			children = (
				78E163EC1B405B3A008A7CEC /* Info.plist */,
			);
			path = SwiftGtkTests;
			sourceTree = "<group>";
		};
		78E163FA1B405BB3008A7CEC /* SwiftGtkDemo */ = {
			isa = PBXGroup;
			children = (
				78E163FB1B405BB3008A7CEC /* main.swift */,
			);
			path = SwiftGtkDemo;
			sourceTree = "<group>";
		};
		78E164181B405C44008A7CEC /* Libraries */ = {
			isa = PBXGroup;
			children = (
				78E164001B405C3E008A7CEC /* libgailutil-3.0.dylib */,
				78E164011B405C3E008A7CEC /* libgdk-3.0.dylib */,
				78E164021B405C3E008A7CEC /* libgtk-3.0.dylib */,
				78E164031B405C3E008A7CEC /* libpango-1.0.0.dylib */,
				78E164041B405C3E008A7CEC /* libpixman-1.0.dylib */,
				78E164051B405C3E008A7CEC /* libatk-1.0.0.dylib */,
				78E164061B405C3E008A7CEC /* libgdk_pixbuf-2.0.0.dylib */,
				78E164071B405C3E008A7CEC /* libgio-2.0.0.dylib */,
				78E164081B405C3E008A7CEC /* libglib-2.0.0.dylib */,
				78E164091B405C3E008A7CEC /* libgmodule-2.0.0.dylib */,
				78E1640A1B405C3E008A7CEC /* libgobject-2.0.0.dylib */,
				78E1640B1B405C3E008A7CEC /* libgthread-2.0.0.dylib */,
			);
			name = Libraries;
			path = ..;
			sourceTree = "<group>";
		};
		78E164451B407BBB008A7CEC /* Widgets */ = {
			isa = PBXGroup;
			children = (
				78E1641C1B405CF6008A7CEC /* Application.swift */,
				78E1641D1B405CF6008A7CEC /* ApplicationWindow.swift */,
				78E1641E1B405CF6008A7CEC /* Bin.swift */,
				78E1641F1B405CF6008A7CEC /* Box.swift */,
				78E164201B405CF6008A7CEC /* Button.swift */,
				78E164211B405CF6008A7CEC /* ButtonBox.swift */,
				78E164221B405CF6008A7CEC /* Container.swift */,
				78E164261B405CF6008A7CEC /* Widget.swift */,
				78E164271B405CF6008A7CEC /* Window.swift */,
				78E1644A1B409078008A7CEC /* Label.swift */,
			);
			name = Widgets;
			sourceTree = "<group>";
		};
/* End PBXGroup section */

/* Begin PBXHeadersBuildPhase section */
		78E163D81B405B3A008A7CEC /* Headers */ = {
			isa = PBXHeadersBuildPhase;
			buildActionMask = 2147483647;
			files = (
			);
			runOnlyForDeploymentPostprocessing = 0;
		};
/* End PBXHeadersBuildPhase section */

/* Begin PBXNativeTarget section */
		78E163DA1B405B3A008A7CEC /* SwiftGtk */ = {
			isa = PBXNativeTarget;
			buildConfigurationList = 78E163EF1B405B3A008A7CEC /* Build configuration list for PBXNativeTarget "SwiftGtk" */;
			buildPhases = (
				78E163D61B405B3A008A7CEC /* Sources */,
				78E163D71B405B3A008A7CEC /* Frameworks */,
				78E163D81B405B3A008A7CEC /* Headers */,
				78E163D91B405B3A008A7CEC /* Resources */,
			);
			buildRules = (
			);
			dependencies = (
			);
			name = SwiftGtk;
			productName = SwiftGtk;
			productReference = 78E163DB1B405B3A008A7CEC /* SwiftGtk.framework */;
			productType = "com.apple.product-type.framework";
		};
		78E163E41B405B3A008A7CEC /* SwiftGtkTests */ = {
			isa = PBXNativeTarget;
			buildConfigurationList = 78E163F21B405B3A008A7CEC /* Build configuration list for PBXNativeTarget "SwiftGtkTests" */;
			buildPhases = (
				78E163E11B405B3A008A7CEC /* Sources */,
				78E163E21B405B3A008A7CEC /* Frameworks */,
				78E163E31B405B3A008A7CEC /* Resources */,
			);
			buildRules = (
			);
			dependencies = (
				78E163E81B405B3A008A7CEC /* PBXTargetDependency */,
			);
			name = SwiftGtkTests;
			productName = SwiftGtkTests;
			productReference = 78E163E51B405B3A008A7CEC /* SwiftGtkTests.xctest */;
			productType = "com.apple.product-type.bundle.unit-test";
		};
		78E163F81B405BB3008A7CEC /* SwiftGtkDemo */ = {
			isa = PBXNativeTarget;
			buildConfigurationList = 78E163FD1B405BB3008A7CEC /* Build configuration list for PBXNativeTarget "SwiftGtkDemo" */;
			buildPhases = (
				78E163F51B405BB3008A7CEC /* Sources */,
				78E163F61B405BB3008A7CEC /* Frameworks */,
				78E163F71B405BB3008A7CEC /* CopyFiles */,
			);
			buildRules = (
			);
			dependencies = (
				78E164431B407ACE008A7CEC /* PBXTargetDependency */,
			);
			name = SwiftGtkDemo;
			productName = SwiftGtkDemo;
			productReference = 78E163F91B405BB3008A7CEC /* SwiftGtkDemo */;
			productType = "com.apple.product-type.tool";
		};
/* End PBXNativeTarget section */

/* Begin PBXProject section */
		78E163D21B405B3A008A7CEC /* Project object */ = {
			isa = PBXProject;
			attributes = {
				LastSwiftUpdateCheck = 0700;
				LastUpgradeCheck = 0700;
				ORGANIZATIONNAME = "Tomas Linhart";
				TargetAttributes = {
					78E163DA1B405B3A008A7CEC = {
						CreatedOnToolsVersion = 7.0;
					};
					78E163E41B405B3A008A7CEC = {
						CreatedOnToolsVersion = 7.0;
					};
					78E163F81B405BB3008A7CEC = {
						CreatedOnToolsVersion = 7.0;
					};
				};
			};
			buildConfigurationList = 78E163D51B405B3A008A7CEC /* Build configuration list for PBXProject "SwiftGtk" */;
			compatibilityVersion = "Xcode 3.2";
			developmentRegion = English;
			hasScannedForEncodings = 0;
			knownRegions = (
				en,
			);
			mainGroup = 78E163D11B405B3A008A7CEC;
			productRefGroup = 78E163DC1B405B3A008A7CEC /* Products */;
			projectDirPath = "";
			projectRoot = "";
			targets = (
				78E163DA1B405B3A008A7CEC /* SwiftGtk */,
				78E163E41B405B3A008A7CEC /* SwiftGtkTests */,
				78E163F81B405BB3008A7CEC /* SwiftGtkDemo */,
			);
		};
/* End PBXProject section */

/* Begin PBXResourcesBuildPhase section */
		78E163D91B405B3A008A7CEC /* Resources */ = {
			isa = PBXResourcesBuildPhase;
			buildActionMask = 2147483647;
			files = (
			);
			runOnlyForDeploymentPostprocessing = 0;
		};
		78E163E31B405B3A008A7CEC /* Resources */ = {
			isa = PBXResourcesBuildPhase;
			buildActionMask = 2147483647;
			files = (
			);
			runOnlyForDeploymentPostprocessing = 0;
		};
/* End PBXResourcesBuildPhase section */

/* Begin PBXSourcesBuildPhase section */
		78E163D61B405B3A008A7CEC /* Sources */ = {
			isa = PBXSourcesBuildPhase;
			buildActionMask = 2147483647;
			files = (
				78E1642C1B405CF6008A7CEC /* Button.swift in Sources */,
				78E1642D1B405CF6008A7CEC /* ButtonBox.swift in Sources */,
				78E1644B1B409078008A7CEC /* Label.swift in Sources */,
				78E164311B405CF6008A7CEC /* Signals.swift in Sources */,
				78E164291B405CF6008A7CEC /* ApplicationWindow.swift in Sources */,
				78E1642B1B405CF6008A7CEC /* Box.swift in Sources */,
				78E1642E1B405CF6008A7CEC /* Container.swift in Sources */,
				78E1642A1B405CF6008A7CEC /* Bin.swift in Sources */,
				78E164321B405CF6008A7CEC /* Widget.swift in Sources */,
				784588991C3B1D2D00FB615A /* Size.swift in Sources */,
				78E164281B405CF6008A7CEC /* Application.swift in Sources */,
				78E164331B405CF6008A7CEC /* Window.swift in Sources */,
			);
			runOnlyForDeploymentPostprocessing = 0;
		};
		78E163E11B405B3A008A7CEC /* Sources */ = {
			isa = PBXSourcesBuildPhase;
			buildActionMask = 2147483647;
			files = (
			);
			runOnlyForDeploymentPostprocessing = 0;
		};
		78E163F51B405BB3008A7CEC /* Sources */ = {
			isa = PBXSourcesBuildPhase;
			buildActionMask = 2147483647;
			files = (
				78E163FC1B405BB3008A7CEC /* main.swift in Sources */,
			);
			runOnlyForDeploymentPostprocessing = 0;
		};
/* End PBXSourcesBuildPhase section */

/* Begin PBXTargetDependency section */
		78E163E81B405B3A008A7CEC /* PBXTargetDependency */ = {
			isa = PBXTargetDependency;
			target = 78E163DA1B405B3A008A7CEC /* SwiftGtk */;
			targetProxy = 78E163E71B405B3A008A7CEC /* PBXContainerItemProxy */;
		};
		78E164431B407ACE008A7CEC /* PBXTargetDependency */ = {
			isa = PBXTargetDependency;
			target = 78E163DA1B405B3A008A7CEC /* SwiftGtk */;
			targetProxy = 78E164421B407ACE008A7CEC /* PBXContainerItemProxy */;
		};
/* End PBXTargetDependency section */

/* Begin XCBuildConfiguration section */
		78E163ED1B405B3A008A7CEC /* Debug */ = {
			isa = XCBuildConfiguration;
			buildSettings = {
				ALWAYS_SEARCH_USER_PATHS = NO;
				CLANG_CXX_LANGUAGE_STANDARD = "gnu++0x";
				CLANG_CXX_LIBRARY = "libc++";
				CLANG_ENABLE_MODULES = YES;
				CLANG_ENABLE_OBJC_ARC = YES;
				CLANG_WARN_BOOL_CONVERSION = YES;
				CLANG_WARN_CONSTANT_CONVERSION = YES;
				CLANG_WARN_DIRECT_OBJC_ISA_USAGE = YES_ERROR;
				CLANG_WARN_EMPTY_BODY = YES;
				CLANG_WARN_ENUM_CONVERSION = YES;
				CLANG_WARN_INT_CONVERSION = YES;
				CLANG_WARN_OBJC_ROOT_CLASS = YES_ERROR;
				CLANG_WARN_UNREACHABLE_CODE = YES;
				CLANG_WARN__DUPLICATE_METHOD_MATCH = YES;
				COPY_PHASE_STRIP = NO;
				CURRENT_PROJECT_VERSION = 1;
				DEBUG_INFORMATION_FORMAT = dwarf;
				ENABLE_STRICT_OBJC_MSGSEND = YES;
				ENABLE_TESTABILITY = YES;
				GCC_C_LANGUAGE_STANDARD = gnu99;
				GCC_DYNAMIC_NO_PIC = NO;
				GCC_NO_COMMON_BLOCKS = YES;
				GCC_OPTIMIZATION_LEVEL = 0;
				GCC_PREPROCESSOR_DEFINITIONS = (
					"DEBUG=1",
					"$(inherited)",
				);
				GCC_WARN_64_TO_32_BIT_CONVERSION = YES;
				GCC_WARN_ABOUT_RETURN_TYPE = YES_ERROR;
				GCC_WARN_UNDECLARED_SELECTOR = YES;
				GCC_WARN_UNINITIALIZED_AUTOS = YES_AGGRESSIVE;
				GCC_WARN_UNUSED_FUNCTION = YES;
				GCC_WARN_UNUSED_VARIABLE = YES;
				MACOSX_DEPLOYMENT_TARGET = 10.10;
				MTL_ENABLE_DEBUG_INFO = YES;
				ONLY_ACTIVE_ARCH = YES;
				SDKROOT = macosx;
				SWIFT_OPTIMIZATION_LEVEL = "-Onone";
				VERSIONING_SYSTEM = "apple-generic";
				VERSION_INFO_PREFIX = "";
			};
			name = Debug;
		};
		78E163EE1B405B3A008A7CEC /* Release */ = {
			isa = XCBuildConfiguration;
			buildSettings = {
				ALWAYS_SEARCH_USER_PATHS = NO;
				CLANG_CXX_LANGUAGE_STANDARD = "gnu++0x";
				CLANG_CXX_LIBRARY = "libc++";
				CLANG_ENABLE_MODULES = YES;
				CLANG_ENABLE_OBJC_ARC = YES;
				CLANG_WARN_BOOL_CONVERSION = YES;
				CLANG_WARN_CONSTANT_CONVERSION = YES;
				CLANG_WARN_DIRECT_OBJC_ISA_USAGE = YES_ERROR;
				CLANG_WARN_EMPTY_BODY = YES;
				CLANG_WARN_ENUM_CONVERSION = YES;
				CLANG_WARN_INT_CONVERSION = YES;
				CLANG_WARN_OBJC_ROOT_CLASS = YES_ERROR;
				CLANG_WARN_UNREACHABLE_CODE = YES;
				CLANG_WARN__DUPLICATE_METHOD_MATCH = YES;
				COPY_PHASE_STRIP = NO;
				CURRENT_PROJECT_VERSION = 1;
				DEBUG_INFORMATION_FORMAT = "dwarf-with-dsym";
				ENABLE_NS_ASSERTIONS = NO;
				ENABLE_STRICT_OBJC_MSGSEND = YES;
				GCC_C_LANGUAGE_STANDARD = gnu99;
				GCC_NO_COMMON_BLOCKS = YES;
				GCC_WARN_64_TO_32_BIT_CONVERSION = YES;
				GCC_WARN_ABOUT_RETURN_TYPE = YES_ERROR;
				GCC_WARN_UNDECLARED_SELECTOR = YES;
				GCC_WARN_UNINITIALIZED_AUTOS = YES_AGGRESSIVE;
				GCC_WARN_UNUSED_FUNCTION = YES;
				GCC_WARN_UNUSED_VARIABLE = YES;
				MACOSX_DEPLOYMENT_TARGET = 10.10;
				MTL_ENABLE_DEBUG_INFO = NO;
				SDKROOT = macosx;
				VERSIONING_SYSTEM = "apple-generic";
				VERSION_INFO_PREFIX = "";
			};
			name = Release;
		};
		78E163F01B405B3A008A7CEC /* Debug */ = {
			isa = XCBuildConfiguration;
			buildSettings = {
				CLANG_ALLOW_NON_MODULAR_INCLUDES_IN_FRAMEWORK_MODULES = YES;
				CLANG_ENABLE_MODULES = YES;
				COMBINE_HIDPI_IMAGES = YES;
				DEFINES_MODULE = YES;
				DYLIB_COMPATIBILITY_VERSION = 1;
				DYLIB_CURRENT_VERSION = 1;
				DYLIB_INSTALL_NAME_BASE = "@rpath";
				EMBEDDED_CONTENT_CONTAINS_SWIFT = YES;
				FRAMEWORK_VERSION = A;
				HEADER_SEARCH_PATHS = (
					/usr/local/include/cairo,
					"/usr/local/include/gtk-3.0",
					"/usr/local/include/glib-2.0/**",
					"/usr/local/include/pango-1.0",
					"/usr/local/include/gdk-pixbuf-2.0",
					"/usr/local/include/atk-1.0",
					"/usr/local/lib/glib-2.0/include",
				);
				INFOPLIST_FILE = SwiftGtk/Info.plist;
				INSTALL_PATH = "$(LOCAL_LIBRARY_DIR)/Frameworks";
				LD_RUNPATH_SEARCH_PATHS = "$(inherited) @executable_path/../Frameworks @loader_path/Frameworks";
				LIBRARY_SEARCH_PATHS = (
					"$(inherited)",
					/usr/local/lib,
				);
				MODULEMAP_PRIVATE_FILE = "$(SRCROOT)/SwiftGtk/module.private.modulemap";
				PRODUCT_BUNDLE_IDENTIFIER = com.tomaslinhart.SwiftGtk;
				PRODUCT_NAME = "$(TARGET_NAME)";
				SKIP_INSTALL = YES;
				SWIFT_INCLUDE_PATHS = "$(SRCROOT)/SwiftGtk/";
				SWIFT_OPTIMIZATION_LEVEL = "-Onone";
			};
			name = Debug;
		};
		78E163F11B405B3A008A7CEC /* Release */ = {
			isa = XCBuildConfiguration;
			buildSettings = {
				CLANG_ALLOW_NON_MODULAR_INCLUDES_IN_FRAMEWORK_MODULES = YES;
				CLANG_ENABLE_MODULES = YES;
				COMBINE_HIDPI_IMAGES = YES;
				DEFINES_MODULE = YES;
				DYLIB_COMPATIBILITY_VERSION = 1;
				DYLIB_CURRENT_VERSION = 1;
				DYLIB_INSTALL_NAME_BASE = "@rpath";
				EMBEDDED_CONTENT_CONTAINS_SWIFT = YES;
				FRAMEWORK_VERSION = A;
				HEADER_SEARCH_PATHS = (
					/usr/local/include/cairo,
					"/usr/local/include/gtk-3.0",
					"/usr/local/include/glib-2.0/**",
					"/usr/local/include/pango-1.0",
					"/usr/local/include/gdk-pixbuf-2.0",
					"/usr/local/include/atk-1.0",
					"/usr/local/lib/glib-2.0/include",
				);
				INFOPLIST_FILE = SwiftGtk/Info.plist;
				INSTALL_PATH = "$(LOCAL_LIBRARY_DIR)/Frameworks";
				LD_RUNPATH_SEARCH_PATHS = "$(inherited) @executable_path/../Frameworks @loader_path/Frameworks";
				LIBRARY_SEARCH_PATHS = (
					"$(inherited)",
					/usr/local/lib,
				);
				MODULEMAP_PRIVATE_FILE = "$(SRCROOT)/SwiftGtk/module.private.modulemap";
				PRODUCT_BUNDLE_IDENTIFIER = com.tomaslinhart.SwiftGtk;
				PRODUCT_NAME = "$(TARGET_NAME)";
				SKIP_INSTALL = YES;
				SWIFT_INCLUDE_PATHS = "$(SRCROOT)/SwiftGtk/";
			};
			name = Release;
		};
		78E163F31B405B3A008A7CEC /* Debug */ = {
			isa = XCBuildConfiguration;
			buildSettings = {
				COMBINE_HIDPI_IMAGES = YES;
				INFOPLIST_FILE = SwiftGtkTests/Info.plist;
				LD_RUNPATH_SEARCH_PATHS = "$(inherited) @executable_path/../Frameworks @loader_path/../Frameworks";
				PRODUCT_BUNDLE_IDENTIFIER = com.tomaslinhart.SwiftGtkTests;
				PRODUCT_NAME = "$(TARGET_NAME)";
			};
			name = Debug;
		};
		78E163F41B405B3A008A7CEC /* Release */ = {
			isa = XCBuildConfiguration;
			buildSettings = {
				COMBINE_HIDPI_IMAGES = YES;
				INFOPLIST_FILE = SwiftGtkTests/Info.plist;
				LD_RUNPATH_SEARCH_PATHS = "$(inherited) @executable_path/../Frameworks @loader_path/../Frameworks";
				PRODUCT_BUNDLE_IDENTIFIER = com.tomaslinhart.SwiftGtkTests;
				PRODUCT_NAME = "$(TARGET_NAME)";
			};
			name = Release;
		};
		78E163FE1B405BB3008A7CEC /* Debug */ = {
			isa = XCBuildConfiguration;
			buildSettings = {
				PRODUCT_NAME = "$(TARGET_NAME)";
			};
			name = Debug;
		};
		78E163FF1B405BB3008A7CEC /* Release */ = {
			isa = XCBuildConfiguration;
			buildSettings = {
				PRODUCT_NAME = "$(TARGET_NAME)";
			};
			name = Release;
		};
/* End XCBuildConfiguration section */

/* Begin XCConfigurationList section */
		78E163D51B405B3A008A7CEC /* Build configuration list for PBXProject "SwiftGtk" */ = {
			isa = XCConfigurationList;
			buildConfigurations = (
				78E163ED1B405B3A008A7CEC /* Debug */,
				78E163EE1B405B3A008A7CEC /* Release */,
			);
			defaultConfigurationIsVisible = 0;
			defaultConfigurationName = Release;
		};
		78E163EF1B405B3A008A7CEC /* Build configuration list for PBXNativeTarget "SwiftGtk" */ = {
			isa = XCConfigurationList;
			buildConfigurations = (
				78E163F01B405B3A008A7CEC /* Debug */,
				78E163F11B405B3A008A7CEC /* Release */,
			);
			defaultConfigurationIsVisible = 0;
			defaultConfigurationName = Release;
		};
		78E163F21B405B3A008A7CEC /* Build configuration list for PBXNativeTarget "SwiftGtkTests" */ = {
			isa = XCConfigurationList;
			buildConfigurations = (
				78E163F31B405B3A008A7CEC /* Debug */,
				78E163F41B405B3A008A7CEC /* Release */,
			);
			defaultConfigurationIsVisible = 0;
			defaultConfigurationName = Release;
		};
		78E163FD1B405BB3008A7CEC /* Build configuration list for PBXNativeTarget "SwiftGtkDemo" */ = {
			isa = XCConfigurationList;
			buildConfigurations = (
				78E163FE1B405BB3008A7CEC /* Debug */,
				78E163FF1B405BB3008A7CEC /* Release */,
			);
			defaultConfigurationIsVisible = 0;
			defaultConfigurationName = Release;
		};
/* End XCConfigurationList section */
	};
	rootObject = 78E163D21B405B3A008A7CEC /* Project object */;
}
